
Microsoft Visual Studio Solution File, Format Version 12.00
# Visual Studio Version 16
VisualStudioVersion = 16.0.30804.86
MinimumVisualStudioVersion = 10.0.40219.1
Project("{9A19103F-16F7-4668-BE54-9A1E7A4F7556}") = "CompanyEmployee.API", "CompanyEmployee.API\CompanyEmployee.API.csproj", "{6E70B651-2DB4-4C49-8828-09FF1989D4D6}"
EndProject
Project("{9A19103F-16F7-4668-BE54-9A1E7A4F7556}") = "Contracts", "Contracts\Contracts.csproj", "{B7553F10-2ED5-4B26-B19B-FEC9ADB2C0D4}"
EndProject
Project("{9A19103F-16F7-4668-BE54-9A1E7A4F7556}") = "LoggerService", "LoggerService\LoggerService.csproj", "{93999F51-9591-401A-BEF6-947DFE3E8279}"
EndProject
Project("{FAE04EC0-301F-11D3-BF4B-00C04F79EFBC}") = "Entities", "Entities\Entities.csproj", "{37511F73-66B4-4A52-8063-68FA32B4E512}"
EndProject
Project("{FAE04EC0-301F-11D3-BF4B-00C04F79EFBC}") = "Repository", "Repository\Repository.csproj", "{AD5967D6-7E1B-46EF-AD62-AC795C1BF0DA}"
EndProject
Global
	GlobalSection(SolutionConfigurationPlatforms) = preSolution
		Debug|Any CPU = Debug|Any CPU
		Release|Any CPU = Release|Any CPU
	EndGlobalSection
	GlobalSection(ProjectConfigurationPlatforms) = postSolution
		{6E70B651-2DB4-4C49-8828-09FF1989D4D6}.Debug|Any CPU.ActiveCfg = Debug|Any CPU
		{6E70B651-2DB4-4C49-8828-09FF1989D4D6}.Debug|Any CPU.Build.0 = Debug|Any CPU
		{6E70B651-2DB4-4C49-8828-09FF1989D4D6}.Release|Any CPU.ActiveCfg = Release|Any CPU
		{6E70B651-2DB4-4C49-8828-09FF1989D4D6}.Release|Any CPU.Build.0 = Release|Any CPU
		{B7553F10-2ED5-4B26-B19B-FEC9ADB2C0D4}.Debug|Any CPU.ActiveCfg = Debug|Any CPU
		{B7553F10-2ED5-4B26-B19B-FEC9ADB2C0D4}.Debug|Any CPU.Build.0 = Debug|Any CPU
		{B7553F10-2ED5-4B26-B19B-FEC9ADB2C0D4}.Release|Any CPU.ActiveCfg = Release|Any CPU
		{B7553F10-2ED5-4B26-B19B-FEC9ADB2C0D4}.Release|Any CPU.Build.0 = Release|Any CPU
		{93999F51-9591-401A-BEF6-947DFE3E8279}.Debug|Any CPU.ActiveCfg = Debug|Any CPU
		{93999F51-9591-401A-BEF6-947DFE3E8279}.Debug|Any CPU.Build.0 = Debug|Any CPU
		{93999F51-9591-401A-BEF6-947DFE3E8279}.Release|Any CPU.ActiveCfg = Release|Any CPU
		{93999F51-9591-401A-BEF6-947DFE3E8279}.Release|Any CPU.Build.0 = Release|Any CPU
		{37511F73-66B4-4A52-8063-68FA32B4E512}.Debug|Any CPU.ActiveCfg = Debug|Any CPU
		{37511F73-66B4-4A52-8063-68FA32B4E512}.Debug|Any CPU.Build.0 = Debug|Any CPU
		{37511F73-66B4-4A52-8063-68FA32B4E512}.Release|Any CPU.ActiveCfg = Release|Any CPU
		{37511F73-66B4-4A52-8063-68FA32B4E512}.Release|Any CPU.Build.0 = Release|Any CPU
		{AD5967D6-7E1B-46EF-AD62-AC795C1BF0DA}.Debug|Any CPU.ActiveCfg = Debug|Any CPU
		{AD5967D6-7E1B-46EF-AD62-AC795C1BF0DA}.Debug|Any CPU.Build.0 = Debug|Any CPU
		{AD5967D6-7E1B-46EF-AD62-AC795C1BF0DA}.Release|Any CPU.ActiveCfg = Release|Any CPU
		{AD5967D6-7E1B-46EF-AD62-AC795C1BF0DA}.Release|Any CPU.Build.0 = Release|Any CPU
	EndGlobalSection
	GlobalSection(SolutionProperties) = preSolution
		HideSolutionNode = FALSE
	EndGlobalSection
	GlobalSection(ExtensibilityGlobals) = postSolution
		SolutionGuid = {CEAD0E64-2524-4C02-83A6-2DB2218DE7B9}
	EndGlobalSection
EndGlobal
